
Microsoft Visual Studio Solution File, Format Version 12.00
# Visual Studio Version 17
VisualStudioVersion = 17.0.31903.59
MinimumVisualStudioVersion = 10.0.40219.1
Project("{FAE04EC0-301F-11D3-BF4B-00C04F79EFBC}") = "ServerApp", "ServerApp\ServerApp.csproj", "{44109E72-FE22-4A5B-92AE-7B5EBFB272BE}"
EndProject
Project("{2150E333-8FDC-42A3-9474-1A3956D46DE8}") = "ServerAppLibs", "ServerAppLibs", "{D1A51E25-F3D0-063D-25F7-F0F7D3F6EDF3}"
EndProject
Project("{FAE04EC0-301F-11D3-BF4B-00C04F79EFBC}") = "ServerApp.Models", "ServerAppLibs\ServerApp.Models\ServerApp.Models.csproj", "{1B5FA134-F801-47CE-8B36-FDCEEA0C2C0C}"
EndProject
Project("{FAE04EC0-301F-11D3-BF4B-00C04F79EFBC}") = "ServerApp.Shared", "ServerAppLibs\ServerApp.Shared\ServerApp.Shared.csproj", "{B3C44E7B-87A4-4B3B-8038-CB1B23A6E4A8}"
EndProject
Project("{FAE04EC0-301F-11D3-BF4B-00C04F79EFBC}") = "ServerApp.TaskRepository", "ServerAppLibs\ServerApp.TaskRepository\ServerApp.TaskRepository.csproj", "{89918070-647D-4477-AA03-DCA0E752200F}"
EndProject
Project("{FAE04EC0-301F-11D3-BF4B-00C04F79EFBC}") = "ServerApp.TaskService", "ServerAppLibs\ServerApp.TaskService\ServerApp.TaskService.csproj", "{73A8188F-3D72-4A20-94DF-96AC50744B1B}"
EndProject
Project("{FAE04EC0-301F-11D3-BF4B-00C04F79EFBC}") = "ServerApp.UnitOfWork", "ServerAppLibs\ServerApp.UnitOfWork\ServerApp.UnitOfWork.csproj", "{F93F6773-601A-41F6-BFF5-4B016FF9D84E}"
EndProject
Project("{FAE04EC0-301F-11D3-BF4B-00C04F79EFBC}") = "ServerApp.Data", "ServerAppLibs\ServerApp.Data\ServerApp.Data.csproj", "{4CED1B3A-6B05-4536-837D-260B9DAFF66C}"
EndProject
Global
	GlobalSection(SolutionConfigurationPlatforms) = preSolution
		Debug|Any CPU = Debug|Any CPU
		Debug|x64 = Debug|x64
		Debug|x86 = Debug|x86
		Release|Any CPU = Release|Any CPU
		Release|x64 = Release|x64
		Release|x86 = Release|x86
	EndGlobalSection
	GlobalSection(ProjectConfigurationPlatforms) = postSolution
		{44109E72-FE22-4A5B-92AE-7B5EBFB272BE}.Debug|Any CPU.ActiveCfg = Debug|Any CPU
		{44109E72-FE22-4A5B-92AE-7B5EBFB272BE}.Debug|Any CPU.Build.0 = Debug|Any CPU
		{44109E72-FE22-4A5B-92AE-7B5EBFB272BE}.Debug|x64.ActiveCfg = Debug|Any CPU
		{44109E72-FE22-4A5B-92AE-7B5EBFB272BE}.Debug|x64.Build.0 = Debug|Any CPU
		{44109E72-FE22-4A5B-92AE-7B5EBFB272BE}.Debug|x86.ActiveCfg = Debug|Any CPU
		{44109E72-FE22-4A5B-92AE-7B5EBFB272BE}.Debug|x86.Build.0 = Debug|Any CPU
		{44109E72-FE22-4A5B-92AE-7B5EBFB272BE}.Release|Any CPU.ActiveCfg = Release|Any CPU
		{44109E72-FE22-4A5B-92AE-7B5EBFB272BE}.Release|Any CPU.Build.0 = Release|Any CPU
		{44109E72-FE22-4A5B-92AE-7B5EBFB272BE}.Release|x64.ActiveCfg = Release|Any CPU
		{44109E72-FE22-4A5B-92AE-7B5EBFB272BE}.Release|x64.Build.0 = Release|Any CPU
		{44109E72-FE22-4A5B-92AE-7B5EBFB272BE}.Release|x86.ActiveCfg = Release|Any CPU
		{44109E72-FE22-4A5B-92AE-7B5EBFB272BE}.Release|x86.Build.0 = Release|Any CPU
		{1B5FA134-F801-47CE-8B36-FDCEEA0C2C0C}.Debug|Any CPU.ActiveCfg = Debug|Any CPU
		{1B5FA134-F801-47CE-8B36-FDCEEA0C2C0C}.Debug|Any CPU.Build.0 = Debug|Any CPU
		{1B5FA134-F801-47CE-8B36-FDCEEA0C2C0C}.Debug|x64.ActiveCfg = Debug|Any CPU
		{1B5FA134-F801-47CE-8B36-FDCEEA0C2C0C}.Debug|x64.Build.0 = Debug|Any CPU
		{1B5FA134-F801-47CE-8B36-FDCEEA0C2C0C}.Debug|x86.ActiveCfg = Debug|Any CPU
		{1B5FA134-F801-47CE-8B36-FDCEEA0C2C0C}.Debug|x86.Build.0 = Debug|Any CPU
		{1B5FA134-F801-47CE-8B36-FDCEEA0C2C0C}.Release|Any CPU.ActiveCfg = Release|Any CPU
		{1B5FA134-F801-47CE-8B36-FDCEEA0C2C0C}.Release|Any CPU.Build.0 = Release|Any CPU
		{1B5FA134-F801-47CE-8B36-FDCEEA0C2C0C}.Release|x64.ActiveCfg = Release|Any CPU
		{1B5FA134-F801-47CE-8B36-FDCEEA0C2C0C}.Release|x64.Build.0 = Release|Any CPU
		{1B5FA134-F801-47CE-8B36-FDCEEA0C2C0C}.Release|x86.ActiveCfg = Release|Any CPU
		{1B5FA134-F801-47CE-8B36-FDCEEA0C2C0C}.Release|x86.Build.0 = Release|Any CPU
		{B3C44E7B-87A4-4B3B-8038-CB1B23A6E4A8}.Debug|Any CPU.ActiveCfg = Debug|Any CPU
		{B3C44E7B-87A4-4B3B-8038-CB1B23A6E4A8}.Debug|Any CPU.Build.0 = Debug|Any CPU
		{B3C44E7B-87A4-4B3B-8038-CB1B23A6E4A8}.Debug|x64.ActiveCfg = Debug|Any CPU
		{B3C44E7B-87A4-4B3B-8038-CB1B23A6E4A8}.Debug|x64.Build.0 = Debug|Any CPU
		{B3C44E7B-87A4-4B3B-8038-CB1B23A6E4A8}.Debug|x86.ActiveCfg = Debug|Any CPU
		{B3C44E7B-87A4-4B3B-8038-CB1B23A6E4A8}.Debug|x86.Build.0 = Debug|Any CPU
		{B3C44E7B-87A4-4B3B-8038-CB1B23A6E4A8}.Release|Any CPU.ActiveCfg = Release|Any CPU
		{B3C44E7B-87A4-4B3B-8038-CB1B23A6E4A8}.Release|Any CPU.Build.0 = Release|Any CPU
		{B3C44E7B-87A4-4B3B-8038-CB1B23A6E4A8}.Release|x64.ActiveCfg = Release|Any CPU
		{B3C44E7B-87A4-4B3B-8038-CB1B23A6E4A8}.Release|x64.Build.0 = Release|Any CPU
		{B3C44E7B-87A4-4B3B-8038-CB1B23A6E4A8}.Release|x86.ActiveCfg = Release|Any CPU
		{B3C44E7B-87A4-4B3B-8038-CB1B23A6E4A8}.Release|x86.Build.0 = Release|Any CPU
		{89918070-647D-4477-AA03-DCA0E752200F}.Debug|Any CPU.ActiveCfg = Debug|Any CPU
		{89918070-647D-4477-AA03-DCA0E752200F}.Debug|Any CPU.Build.0 = Debug|Any CPU
		{89918070-647D-4477-AA03-DCA0E752200F}.Debug|x64.ActiveCfg = Debug|Any CPU
		{89918070-647D-4477-AA03-DCA0E752200F}.Debug|x64.Build.0 = Debug|Any CPU
		{89918070-647D-4477-AA03-DCA0E752200F}.Debug|x86.ActiveCfg = Debug|Any CPU
		{89918070-647D-4477-AA03-DCA0E752200F}.Debug|x86.Build.0 = Debug|Any CPU
		{89918070-647D-4477-AA03-DCA0E752200F}.Release|Any CPU.ActiveCfg = Release|Any CPU
		{89918070-647D-4477-AA03-DCA0E752200F}.Release|Any CPU.Build.0 = Release|Any CPU
		{89918070-647D-4477-AA03-DCA0E752200F}.Release|x64.ActiveCfg = Release|Any CPU
		{89918070-647D-4477-AA03-DCA0E752200F}.Release|x64.Build.0 = Release|Any CPU
		{89918070-647D-4477-AA03-DCA0E752200F}.Release|x86.ActiveCfg = Release|Any CPU
		{89918070-647D-4477-AA03-DCA0E752200F}.Release|x86.Build.0 = Release|Any CPU
		{73A8188F-3D72-4A20-94DF-96AC50744B1B}.Debug|Any CPU.ActiveCfg = Debug|Any CPU
		{73A8188F-3D72-4A20-94DF-96AC50744B1B}.Debug|Any CPU.Build.0 = Debug|Any CPU
		{73A8188F-3D72-4A20-94DF-96AC50744B1B}.Debug|x64.ActiveCfg = Debug|Any CPU
		{73A8188F-3D72-4A20-94DF-96AC50744B1B}.Debug|x64.Build.0 = Debug|Any CPU
		{73A8188F-3D72-4A20-94DF-96AC50744B1B}.Debug|x86.ActiveCfg = Debug|Any CPU
		{73A8188F-3D72-4A20-94DF-96AC50744B1B}.Debug|x86.Build.0 = Debug|Any CPU
		{73A8188F-3D72-4A20-94DF-96AC50744B1B}.Release|Any CPU.ActiveCfg = Release|Any CPU
		{73A8188F-3D72-4A20-94DF-96AC50744B1B}.Release|Any CPU.Build.0 = Release|Any CPU
		{73A8188F-3D72-4A20-94DF-96AC50744B1B}.Release|x64.ActiveCfg = Release|Any CPU
		{73A8188F-3D72-4A20-94DF-96AC50744B1B}.Release|x64.Build.0 = Release|Any CPU
		{73A8188F-3D72-4A20-94DF-96AC50744B1B}.Release|x86.ActiveCfg = Release|Any CPU
		{73A8188F-3D72-4A20-94DF-96AC50744B1B}.Release|x86.Build.0 = Release|Any CPU
		{F93F6773-601A-41F6-BFF5-4B016FF9D84E}.Debug|Any CPU.ActiveCfg = Debug|Any CPU
		{F93F6773-601A-41F6-BFF5-4B016FF9D84E}.Debug|Any CPU.Build.0 = Debug|Any CPU
		{F93F6773-601A-41F6-BFF5-4B016FF9D84E}.Debug|x64.ActiveCfg = Debug|Any CPU
		{F93F6773-601A-41F6-BFF5-4B016FF9D84E}.Debug|x64.Build.0 = Debug|Any CPU
		{F93F6773-601A-41F6-BFF5-4B016FF9D84E}.Debug|x86.ActiveCfg = Debug|Any CPU
		{F93F6773-601A-41F6-BFF5-4B016FF9D84E}.Debug|x86.Build.0 = Debug|Any CPU
		{F93F6773-601A-41F6-BFF5-4B016FF9D84E}.Release|Any CPU.ActiveCfg = Release|Any CPU
		{F93F6773-601A-41F6-BFF5-4B016FF9D84E}.Release|Any CPU.Build.0 = Release|Any CPU
		{F93F6773-601A-41F6-BFF5-4B016FF9D84E}.Release|x64.ActiveCfg = Release|Any CPU
		{F93F6773-601A-41F6-BFF5-4B016FF9D84E}.Release|x64.Build.0 = Release|Any CPU
		{F93F6773-601A-41F6-BFF5-4B016FF9D84E}.Release|x86.ActiveCfg = Release|Any CPU
		{F93F6773-601A-41F6-BFF5-4B016FF9D84E}.Release|x86.Build.0 = Release|Any CPU
		{4CED1B3A-6B05-4536-837D-260B9DAFF66C}.Debug|Any CPU.ActiveCfg = Debug|Any CPU
		{4CED1B3A-6B05-4536-837D-260B9DAFF66C}.Debug|Any CPU.Build.0 = Debug|Any CPU
		{4CED1B3A-6B05-4536-837D-260B9DAFF66C}.Debug|x64.ActiveCfg = Debug|Any CPU
		{4CED1B3A-6B05-4536-837D-260B9DAFF66C}.Debug|x64.Build.0 = Debug|Any CPU
		{4CED1B3A-6B05-4536-837D-260B9DAFF66C}.Debug|x86.ActiveCfg = Debug|Any CPU
		{4CED1B3A-6B05-4536-837D-260B9DAFF66C}.Debug|x86.Build.0 = Debug|Any CPU
		{4CED1B3A-6B05-4536-837D-260B9DAFF66C}.Release|Any CPU.ActiveCfg = Release|Any CPU
		{4CED1B3A-6B05-4536-837D-260B9DAFF66C}.Release|Any CPU.Build.0 = Release|Any CPU
		{4CED1B3A-6B05-4536-837D-260B9DAFF66C}.Release|x64.ActiveCfg = Release|Any CPU
		{4CED1B3A-6B05-4536-837D-260B9DAFF66C}.Release|x64.Build.0 = Release|Any CPU
		{4CED1B3A-6B05-4536-837D-260B9DAFF66C}.Release|x86.ActiveCfg = Release|Any CPU
		{4CED1B3A-6B05-4536-837D-260B9DAFF66C}.Release|x86.Build.0 = Release|Any CPU
	EndGlobalSection
	GlobalSection(SolutionProperties) = preSolution
		HideSolutionNode = FALSE
	EndGlobalSection
	GlobalSection(NestedProjects) = preSolution
		{1B5FA134-F801-47CE-8B36-FDCEEA0C2C0C} = {D1A51E25-F3D0-063D-25F7-F0F7D3F6EDF3}
		{B3C44E7B-87A4-4B3B-8038-CB1B23A6E4A8} = {D1A51E25-F3D0-063D-25F7-F0F7D3F6EDF3}
		{89918070-647D-4477-AA03-DCA0E752200F} = {D1A51E25-F3D0-063D-25F7-F0F7D3F6EDF3}
		{73A8188F-3D72-4A20-94DF-96AC50744B1B} = {D1A51E25-F3D0-063D-25F7-F0F7D3F6EDF3}
		{F93F6773-601A-41F6-BFF5-4B016FF9D84E} = {D1A51E25-F3D0-063D-25F7-F0F7D3F6EDF3}
		{4CED1B3A-6B05-4536-837D-260B9DAFF66C} = {D1A51E25-F3D0-063D-25F7-F0F7D3F6EDF3}
	EndGlobalSection
EndGlobal
